
Microsoft Visual Studio Solution File, Format Version 12.00
# Visual Studio Version 17
VisualStudioVersion = 17.14.36121.58 d17.14
MinimumVisualStudioVersion = 10.0.40219.1
Project("{FAE04EC0-301F-11D3-BF4B-00C04F79EFBC}") = "product-api-dotnet-DanielChavez", "product-api-dotnet-DanielChavez\product-api-dotnet-DanielChavez.csproj", "{431BD236-E7CD-42E2-9DA2-08AA5F9F5731}"
EndProject
Global
	GlobalSection(SolutionConfigurationPlatforms) = preSolution
		Debug|Any CPU = Debug|Any CPU
		Release|Any CPU = Release|Any CPU
	EndGlobalSection
	GlobalSection(ProjectConfigurationPlatforms) = postSolution
		{431BD236-E7CD-42E2-9DA2-08AA5F9F5731}.Debug|Any CPU.ActiveCfg = Debug|Any CPU
		{431BD236-E7CD-42E2-9DA2-08AA5F9F5731}.Debug|Any CPU.Build.0 = Debug|Any CPU
		{431BD236-E7CD-42E2-9DA2-08AA5F9F5731}.Release|Any CPU.ActiveCfg = Release|Any CPU
		{431BD236-E7CD-42E2-9DA2-08AA5F9F5731}.Release|Any CPU.Build.0 = Release|Any CPU
	EndGlobalSection
	GlobalSection(SolutionProperties) = preSolution
		HideSolutionNode = FALSE
	EndGlobalSection
	GlobalSection(ExtensibilityGlobals) = postSolution
		SolutionGuid = {4ACDA696-5C47-4E17-89DE-CD72E6C139AB}
	EndGlobalSection
EndGlobal
